
Microsoft Visual Studio Solution File, Format Version 12.00
# Visual Studio Version 17
VisualStudioVersion = 17.0.31903.59
MinimumVisualStudioVersion = 10.0.40219.1
Project("{FAE04EC0-301F-11D3-BF4B-00C04F79EFBC}") = "testAppCI", "testAppCI\testAppCI.csproj", "{7CE33C1A-49A8-4F8B-92E0-6E9960D1E4C2}"
EndProject
Global
	GlobalSection(SolutionConfigurationPlatforms) = preSolution
		Debug|Any CPU = Debug|Any CPU
		Release|Any CPU = Release|Any CPU
	EndGlobalSection
	GlobalSection(ProjectConfigurationPlatforms) = postSolution
		{7CE33C1A-49A8-4F8B-92E0-6E9960D1E4C2}.Debug|Any CPU.ActiveCfg = Debug|Any CPU
		{7CE33C1A-49A8-4F8B-92E0-6E9960D1E4C2}.Debug|Any CPU.Build.0 = Debug|Any CPU
		{7CE33C1A-49A8-4F8B-92E0-6E9960D1E4C2}.Release|Any CPU.ActiveCfg = Release|Any CPU
		{7CE33C1A-49A8-4F8B-92E0-6E9960D1E4C2}.Release|Any CPU.Build.0 = Release|Any CPU
	EndGlobalSection
	GlobalSection(SolutionProperties) = preSolution
		HideSolutionNode = FALSE
	EndGlobalSection
	GlobalSection(ExtensibilityGlobals) = postSolution
		SolutionGuid = {4172B7A6-5392-4D5B-AC0C-4DA1BA4A692D}
	EndGlobalSection
EndGlobal
